
Microsoft Visual Studio Solution File, Format Version 12.00
# Visual Studio Version 16
VisualStudioVersion = 16.0.29009.5
MinimumVisualStudioVersion = 10.0.40219.1
Project("{FAE04EC0-301F-11D3-BF4B-00C04F79EFBC}") = "CircuitSim2", "CircuitSim2\CircuitSim2.csproj", "{AED0E2D2-E357-429B-B311-CE6BF55FA7CB}"
EndProject
Project("{2150E333-8FDC-42A3-9474-1A3956D46DE8}") = "Examples", "Examples", "{DEDE17A9-B85E-4F50-87EE-A9570B6B7107}"
EndProject
Project("{FAE04EC0-301F-11D3-BF4B-00C04F79EFBC}") = "MetaNAND", "Examples\MetaNAND\MetaNAND.csproj", "{3AD32916-1185-4ADE-A93C-0A6CACDF8F7C}"
EndProject
Project("{FAE04EC0-301F-11D3-BF4B-00C04F79EFBC}") = "FullAdder", "Examples\FullAdder\FullAdder.csproj", "{63D26B23-F870-45A5-A539-EC2818C7C3BA}"
EndProject
Project("{FAE04EC0-301F-11D3-BF4B-00C04F79EFBC}") = "ByteAdder", "Examples\ByteAdder\ByteAdder.csproj", "{8CB31121-54F8-4EEF-8F09-E0B7A17871A4}"
EndProject
Project("{FAE04EC0-301F-11D3-BF4B-00C04F79EFBC}") = "Engine", "Examples\Engine\Engine.csproj", "{A47C24E0-8AC6-430A-8881-B49E92715FBD}"
EndProject
Project("{FAE04EC0-301F-11D3-BF4B-00C04F79EFBC}") = "DLatch", "Examples\DLatch\DLatch.csproj", "{8470045F-E0BF-490E-BC41-C29E00538FA7}"
EndProject
Project("{FAE04EC0-301F-11D3-BF4B-00C04F79EFBC}") = "NNXOR", "Examples\NNXOR\NNXOR.csproj", "{A12F0741-BA38-4CAD-AE1F-2B85A2F1A91A}"
EndProject
Project("{FAE04EC0-301F-11D3-BF4B-00C04F79EFBC}") = "Time", "Examples\Time\Time.csproj", "{BF8BB4F3-6079-42D7-82DA-0C3B5B66FBD2}"
EndProject
Project("{FAE04EC0-301F-11D3-BF4B-00C04F79EFBC}") = "CircuitEditor", "CircuitEditor\CircuitEditor.csproj", "{486DC336-7A2C-488B-9700-55E104CD3CEE}"
EndProject
Global
	GlobalSection(SolutionConfigurationPlatforms) = preSolution
		Debug|Any CPU = Debug|Any CPU
		Release|Any CPU = Release|Any CPU
	EndGlobalSection
	GlobalSection(ProjectConfigurationPlatforms) = postSolution
		{AED0E2D2-E357-429B-B311-CE6BF55FA7CB}.Debug|Any CPU.ActiveCfg = Debug|Any CPU
		{AED0E2D2-E357-429B-B311-CE6BF55FA7CB}.Debug|Any CPU.Build.0 = Debug|Any CPU
		{AED0E2D2-E357-429B-B311-CE6BF55FA7CB}.Release|Any CPU.ActiveCfg = Release|Any CPU
		{AED0E2D2-E357-429B-B311-CE6BF55FA7CB}.Release|Any CPU.Build.0 = Release|Any CPU
		{3AD32916-1185-4ADE-A93C-0A6CACDF8F7C}.Debug|Any CPU.ActiveCfg = Debug|Any CPU
		{3AD32916-1185-4ADE-A93C-0A6CACDF8F7C}.Debug|Any CPU.Build.0 = Debug|Any CPU
		{3AD32916-1185-4ADE-A93C-0A6CACDF8F7C}.Release|Any CPU.ActiveCfg = Release|Any CPU
		{3AD32916-1185-4ADE-A93C-0A6CACDF8F7C}.Release|Any CPU.Build.0 = Release|Any CPU
		{63D26B23-F870-45A5-A539-EC2818C7C3BA}.Debug|Any CPU.ActiveCfg = Debug|Any CPU
		{63D26B23-F870-45A5-A539-EC2818C7C3BA}.Debug|Any CPU.Build.0 = Debug|Any CPU
		{63D26B23-F870-45A5-A539-EC2818C7C3BA}.Release|Any CPU.ActiveCfg = Release|Any CPU
		{63D26B23-F870-45A5-A539-EC2818C7C3BA}.Release|Any CPU.Build.0 = Release|Any CPU
		{8CB31121-54F8-4EEF-8F09-E0B7A17871A4}.Debug|Any CPU.ActiveCfg = Debug|Any CPU
		{8CB31121-54F8-4EEF-8F09-E0B7A17871A4}.Debug|Any CPU.Build.0 = Debug|Any CPU
		{8CB31121-54F8-4EEF-8F09-E0B7A17871A4}.Release|Any CPU.ActiveCfg = Release|Any CPU
		{8CB31121-54F8-4EEF-8F09-E0B7A17871A4}.Release|Any CPU.Build.0 = Release|Any CPU
		{A47C24E0-8AC6-430A-8881-B49E92715FBD}.Debug|Any CPU.ActiveCfg = Debug|Any CPU
		{A47C24E0-8AC6-430A-8881-B49E92715FBD}.Debug|Any CPU.Build.0 = Debug|Any CPU
		{A47C24E0-8AC6-430A-8881-B49E92715FBD}.Release|Any CPU.ActiveCfg = Release|Any CPU
		{A47C24E0-8AC6-430A-8881-B49E92715FBD}.Release|Any CPU.Build.0 = Release|Any CPU
		{8470045F-E0BF-490E-BC41-C29E00538FA7}.Debug|Any CPU.ActiveCfg = Debug|Any CPU
		{8470045F-E0BF-490E-BC41-C29E00538FA7}.Debug|Any CPU.Build.0 = Debug|Any CPU
		{8470045F-E0BF-490E-BC41-C29E00538FA7}.Release|Any CPU.ActiveCfg = Release|Any CPU
		{8470045F-E0BF-490E-BC41-C29E00538FA7}.Release|Any CPU.Build.0 = Release|Any CPU
		{A12F0741-BA38-4CAD-AE1F-2B85A2F1A91A}.Debug|Any CPU.ActiveCfg = Debug|Any CPU
		{A12F0741-BA38-4CAD-AE1F-2B85A2F1A91A}.Debug|Any CPU.Build.0 = Debug|Any CPU
		{A12F0741-BA38-4CAD-AE1F-2B85A2F1A91A}.Release|Any CPU.ActiveCfg = Release|Any CPU
		{A12F0741-BA38-4CAD-AE1F-2B85A2F1A91A}.Release|Any CPU.Build.0 = Release|Any CPU
		{BF8BB4F3-6079-42D7-82DA-0C3B5B66FBD2}.Debug|Any CPU.ActiveCfg = Debug|Any CPU
		{BF8BB4F3-6079-42D7-82DA-0C3B5B66FBD2}.Debug|Any CPU.Build.0 = Debug|Any CPU
		{BF8BB4F3-6079-42D7-82DA-0C3B5B66FBD2}.Release|Any CPU.ActiveCfg = Release|Any CPU
		{BF8BB4F3-6079-42D7-82DA-0C3B5B66FBD2}.Release|Any CPU.Build.0 = Release|Any CPU
		{486DC336-7A2C-488B-9700-55E104CD3CEE}.Debug|Any CPU.ActiveCfg = Debug|Any CPU
		{486DC336-7A2C-488B-9700-55E104CD3CEE}.Debug|Any CPU.Build.0 = Debug|Any CPU
		{486DC336-7A2C-488B-9700-55E104CD3CEE}.Release|Any CPU.ActiveCfg = Release|Any CPU
		{486DC336-7A2C-488B-9700-55E104CD3CEE}.Release|Any CPU.Build.0 = Release|Any CPU
	EndGlobalSection
	GlobalSection(SolutionProperties) = preSolution
		HideSolutionNode = FALSE
	EndGlobalSection
	GlobalSection(NestedProjects) = preSolution
		{3AD32916-1185-4ADE-A93C-0A6CACDF8F7C} = {DEDE17A9-B85E-4F50-87EE-A9570B6B7107}
		{63D26B23-F870-45A5-A539-EC2818C7C3BA} = {DEDE17A9-B85E-4F50-87EE-A9570B6B7107}
		{8CB31121-54F8-4EEF-8F09-E0B7A17871A4} = {DEDE17A9-B85E-4F50-87EE-A9570B6B7107}
		{A47C24E0-8AC6-430A-8881-B49E92715FBD} = {DEDE17A9-B85E-4F50-87EE-A9570B6B7107}
		{8470045F-E0BF-490E-BC41-C29E00538FA7} = {DEDE17A9-B85E-4F50-87EE-A9570B6B7107}
		{A12F0741-BA38-4CAD-AE1F-2B85A2F1A91A} = {DEDE17A9-B85E-4F50-87EE-A9570B6B7107}
		{BF8BB4F3-6079-42D7-82DA-0C3B5B66FBD2} = {DEDE17A9-B85E-4F50-87EE-A9570B6B7107}
		{486DC336-7A2C-488B-9700-55E104CD3CEE} = {DEDE17A9-B85E-4F50-87EE-A9570B6B7107}
	EndGlobalSection
	GlobalSection(ExtensibilityGlobals) = postSolution
		SolutionGuid = {859F3C67-B6F9-47A6-913E-6B87B1EF5AE4}
	EndGlobalSection
EndGlobal
